
Microsoft Visual Studio Solution File, Format Version 12.00
# Visual Studio Version 17
VisualStudioVersion = 17.5.002.0
MinimumVisualStudioVersion = 10.0.40219.1
Project("{2150E333-8FDC-42A3-9474-1A3956D46DE8}") = "csharp-prep", "csharp-prep", "{E88EB0D8-2DB7-4FF1-8DB6-651B5306DF2D}"
EndProject
Project("{9A19103F-16F7-4668-BE54-9A1E7A4F7556}") = "Prep1", "csharp-prep\Prep1\Prep1.csproj", "{F1B66215-B611-44D1-AD54-F4D7F791301B}"
EndProject
Project("{9A19103F-16F7-4668-BE54-9A1E7A4F7556}") = "Prep2", "csharp-prep\Prep2\Prep2.csproj", "{607CEBE3-FBFB-4A27-843A-AB8658F12B5F}"
EndProject
Project("{9A19103F-16F7-4668-BE54-9A1E7A4F7556}") = "Prep3", "csharp-prep\Prep3\Prep3.csproj", "{AE3FAF1C-E4FF-46A4-B4BC-5C8200049997}"
EndProject
Project("{9A19103F-16F7-4668-BE54-9A1E7A4F7556}") = "Prep4", "csharp-prep\Prep4\Prep4.csproj", "{2492FB36-D633-48DE-ABA4-F00865806E56}"
EndProject
Project("{9A19103F-16F7-4668-BE54-9A1E7A4F7556}") = "Prep5", "csharp-prep\Prep5\Prep5.csproj", "{660D4CAA-DE25-4F01-ADCA-DBA830070AC9}"
EndProject
Project("{2150E333-8FDC-42A3-9474-1A3956D46DE8}") = "final", "final", "{95510AC1-BDE6-42D6-8B40-66B178A3949F}"
EndProject
Project("{9A19103F-16F7-4668-BE54-9A1E7A4F7556}") = "FinalProject", "final\FinalProject\FinalProject.csproj", "{6650B117-B980-4A75-A1F8-1D3960DC2B7D}"
EndProject
Project("{9A19103F-16F7-4668-BE54-9A1E7A4F7556}") = "Foundation1", "final\Foundation1\Foundation1.csproj", "{C58CBD31-3C9B-4ABA-877F-9FE7A0E2CF04}"
EndProject
Project("{9A19103F-16F7-4668-BE54-9A1E7A4F7556}") = "Foundation2", "final\Foundation2\Foundation2.csproj", "{787E8BB2-1ACE-42A7-8D25-34CC9C93C3F1}"
EndProject
Project("{9A19103F-16F7-4668-BE54-9A1E7A4F7556}") = "Foundation3", "final\Foundation3\Foundation3.csproj", "{B58614EF-3C9F-4245-810D-A24ADF981DCE}"
EndProject
Project("{9A19103F-16F7-4668-BE54-9A1E7A4F7556}") = "Foundation4", "final\Foundation4\Foundation4.csproj", "{628D787D-268E-48E3-8388-094EE9A2EB14}"
EndProject
Project("{2150E333-8FDC-42A3-9474-1A3956D46DE8}") = "prepare", "prepare", "{0A3FBF17-A7B7-46F6-A199-F1F2728E1FB2}"
EndProject
Project("{9A19103F-16F7-4668-BE54-9A1E7A4F7556}") = "Learning02", "prepare\Learning02\Learning02.csproj", "{E2475C61-6D6D-43FF-9C8D-5EC08C526EAC}"
EndProject
Project("{9A19103F-16F7-4668-BE54-9A1E7A4F7556}") = "Learning03", "prepare\Learning03\Learning03.csproj", "{44F58111-3D97-4547-8B24-868002BD250B}"
EndProject
Project("{9A19103F-16F7-4668-BE54-9A1E7A4F7556}") = "Learning04", "prepare\Learning04\Learning04.csproj", "{435978C6-CE17-42CA-8ECF-473731957B5A}"
EndProject
Project("{9A19103F-16F7-4668-BE54-9A1E7A4F7556}") = "Learning05", "prepare\Learning05\Learning05.csproj", "{8B334546-A4DE-402D-84FF-30ED28B8CAAD}"
EndProject
Project("{2150E333-8FDC-42A3-9474-1A3956D46DE8}") = "prove", "prove", "{4A63312B-5C1F-418C-9071-3BFD74EBC829}"
EndProject
Project("{9A19103F-16F7-4668-BE54-9A1E7A4F7556}") = "Develop02", "prove\Develop02\Develop02.csproj", "{87FC1599-BD81-496B-A6DE-A06E030BEDBF}"
EndProject
Project("{9A19103F-16F7-4668-BE54-9A1E7A4F7556}") = "Develop03", "prove\Develop03\Develop03.csproj", "{C9839A7D-B45C-4B39-A6FA-6F4A707865EF}"
EndProject
Project("{9A19103F-16F7-4668-BE54-9A1E7A4F7556}") = "Develop04", "prove\Develop04\Develop04.csproj", "{86C50E7C-93CF-42C6-A4F6-093F198B4C6F}"
EndProject
Project("{9A19103F-16F7-4668-BE54-9A1E7A4F7556}") = "Develop05", "prove\Develop05\Develop05.csproj", "{340C89EF-782D-4A5F-A8CA-D8D89F3C6AB9}"
EndProject
Project("{2150E333-8FDC-42A3-9474-1A3956D46DE8}") = "sandbox", "sandbox", "{8E3B1D41-DF5C-46FA-BFDA-63079B0C2D31}"
EndProject
Project("{9A19103F-16F7-4668-BE54-9A1E7A4F7556}") = "Sandbox", "sandbox\Sandbox\Sandbox.csproj", "{79EAFAEE-B82D-45E4-8597-1680AC38CA2B}"
EndProject
Global
	GlobalSection(SolutionConfigurationPlatforms) = preSolution
		Debug|Any CPU = Debug|Any CPU
		Release|Any CPU = Release|Any CPU
	EndGlobalSection
	GlobalSection(ProjectConfigurationPlatforms) = postSolution
		{F1B66215-B611-44D1-AD54-F4D7F791301B}.Debug|Any CPU.ActiveCfg = Debug|Any CPU
		{F1B66215-B611-44D1-AD54-F4D7F791301B}.Debug|Any CPU.Build.0 = Debug|Any CPU
		{F1B66215-B611-44D1-AD54-F4D7F791301B}.Release|Any CPU.ActiveCfg = Release|Any CPU
		{F1B66215-B611-44D1-AD54-F4D7F791301B}.Release|Any CPU.Build.0 = Release|Any CPU
		{607CEBE3-FBFB-4A27-843A-AB8658F12B5F}.Debug|Any CPU.ActiveCfg = Debug|Any CPU
		{607CEBE3-FBFB-4A27-843A-AB8658F12B5F}.Debug|Any CPU.Build.0 = Debug|Any CPU
		{607CEBE3-FBFB-4A27-843A-AB8658F12B5F}.Release|Any CPU.ActiveCfg = Release|Any CPU
		{607CEBE3-FBFB-4A27-843A-AB8658F12B5F}.Release|Any CPU.Build.0 = Release|Any CPU
		{AE3FAF1C-E4FF-46A4-B4BC-5C8200049997}.Debug|Any CPU.ActiveCfg = Debug|Any CPU
		{AE3FAF1C-E4FF-46A4-B4BC-5C8200049997}.Debug|Any CPU.Build.0 = Debug|Any CPU
		{AE3FAF1C-E4FF-46A4-B4BC-5C8200049997}.Release|Any CPU.ActiveCfg = Release|Any CPU
		{AE3FAF1C-E4FF-46A4-B4BC-5C8200049997}.Release|Any CPU.Build.0 = Release|Any CPU
		{2492FB36-D633-48DE-ABA4-F00865806E56}.Debug|Any CPU.ActiveCfg = Debug|Any CPU
		{2492FB36-D633-48DE-ABA4-F00865806E56}.Debug|Any CPU.Build.0 = Debug|Any CPU
		{2492FB36-D633-48DE-ABA4-F00865806E56}.Release|Any CPU.ActiveCfg = Release|Any CPU
		{2492FB36-D633-48DE-ABA4-F00865806E56}.Release|Any CPU.Build.0 = Release|Any CPU
		{660D4CAA-DE25-4F01-ADCA-DBA830070AC9}.Debug|Any CPU.ActiveCfg = Debug|Any CPU
		{660D4CAA-DE25-4F01-ADCA-DBA830070AC9}.Debug|Any CPU.Build.0 = Debug|Any CPU
		{660D4CAA-DE25-4F01-ADCA-DBA830070AC9}.Release|Any CPU.ActiveCfg = Release|Any CPU
		{660D4CAA-DE25-4F01-ADCA-DBA830070AC9}.Release|Any CPU.Build.0 = Release|Any CPU
		{6650B117-B980-4A75-A1F8-1D3960DC2B7D}.Debug|Any CPU.ActiveCfg = Debug|Any CPU
		{6650B117-B980-4A75-A1F8-1D3960DC2B7D}.Debug|Any CPU.Build.0 = Debug|Any CPU
		{6650B117-B980-4A75-A1F8-1D3960DC2B7D}.Release|Any CPU.ActiveCfg = Release|Any CPU
		{6650B117-B980-4A75-A1F8-1D3960DC2B7D}.Release|Any CPU.Build.0 = Release|Any CPU
		{C58CBD31-3C9B-4ABA-877F-9FE7A0E2CF04}.Debug|Any CPU.ActiveCfg = Debug|Any CPU
		{C58CBD31-3C9B-4ABA-877F-9FE7A0E2CF04}.Debug|Any CPU.Build.0 = Debug|Any CPU
		{C58CBD31-3C9B-4ABA-877F-9FE7A0E2CF04}.Release|Any CPU.ActiveCfg = Release|Any CPU
		{C58CBD31-3C9B-4ABA-877F-9FE7A0E2CF04}.Release|Any CPU.Build.0 = Release|Any CPU
		{787E8BB2-1ACE-42A7-8D25-34CC9C93C3F1}.Debug|Any CPU.ActiveCfg = Debug|Any CPU
		{787E8BB2-1ACE-42A7-8D25-34CC9C93C3F1}.Debug|Any CPU.Build.0 = Debug|Any CPU
		{787E8BB2-1ACE-42A7-8D25-34CC9C93C3F1}.Release|Any CPU.ActiveCfg = Release|Any CPU
		{787E8BB2-1ACE-42A7-8D25-34CC9C93C3F1}.Release|Any CPU.Build.0 = Release|Any CPU
		{B58614EF-3C9F-4245-810D-A24ADF981DCE}.Debug|Any CPU.ActiveCfg = Debug|Any CPU
		{B58614EF-3C9F-4245-810D-A24ADF981DCE}.Debug|Any CPU.Build.0 = Debug|Any CPU
		{B58614EF-3C9F-4245-810D-A24ADF981DCE}.Release|Any CPU.ActiveCfg = Release|Any CPU
		{B58614EF-3C9F-4245-810D-A24ADF981DCE}.Release|Any CPU.Build.0 = Release|Any CPU
		{628D787D-268E-48E3-8388-094EE9A2EB14}.Debug|Any CPU.ActiveCfg = Debug|Any CPU
		{628D787D-268E-48E3-8388-094EE9A2EB14}.Debug|Any CPU.Build.0 = Debug|Any CPU
		{628D787D-268E-48E3-8388-094EE9A2EB14}.Release|Any CPU.ActiveCfg = Release|Any CPU
		{628D787D-268E-48E3-8388-094EE9A2EB14}.Release|Any CPU.Build.0 = Release|Any CPU
		{E2475C61-6D6D-43FF-9C8D-5EC08C526EAC}.Debug|Any CPU.ActiveCfg = Debug|Any CPU
		{E2475C61-6D6D-43FF-9C8D-5EC08C526EAC}.Debug|Any CPU.Build.0 = Debug|Any CPU
		{E2475C61-6D6D-43FF-9C8D-5EC08C526EAC}.Release|Any CPU.ActiveCfg = Release|Any CPU
		{E2475C61-6D6D-43FF-9C8D-5EC08C526EAC}.Release|Any CPU.Build.0 = Release|Any CPU
		{44F58111-3D97-4547-8B24-868002BD250B}.Debug|Any CPU.ActiveCfg = Debug|Any CPU
		{44F58111-3D97-4547-8B24-868002BD250B}.Debug|Any CPU.Build.0 = Debug|Any CPU
		{44F58111-3D97-4547-8B24-868002BD250B}.Release|Any CPU.ActiveCfg = Release|Any CPU
		{44F58111-3D97-4547-8B24-868002BD250B}.Release|Any CPU.Build.0 = Release|Any CPU
		{435978C6-CE17-42CA-8ECF-473731957B5A}.Debug|Any CPU.ActiveCfg = Debug|Any CPU
		{435978C6-CE17-42CA-8ECF-473731957B5A}.Debug|Any CPU.Build.0 = Debug|Any CPU
		{435978C6-CE17-42CA-8ECF-473731957B5A}.Release|Any CPU.ActiveCfg = Release|Any CPU
		{435978C6-CE17-42CA-8ECF-473731957B5A}.Release|Any CPU.Build.0 = Release|Any CPU
		{8B334546-A4DE-402D-84FF-30ED28B8CAAD}.Debug|Any CPU.ActiveCfg = Debug|Any CPU
		{8B334546-A4DE-402D-84FF-30ED28B8CAAD}.Debug|Any CPU.Build.0 = Debug|Any CPU
		{8B334546-A4DE-402D-84FF-30ED28B8CAAD}.Release|Any CPU.ActiveCfg = Release|Any CPU
		{8B334546-A4DE-402D-84FF-30ED28B8CAAD}.Release|Any CPU.Build.0 = Release|Any CPU
		{87FC1599-BD81-496B-A6DE-A06E030BEDBF}.Debug|Any CPU.ActiveCfg = Debug|Any CPU
		{87FC1599-BD81-496B-A6DE-A06E030BEDBF}.Debug|Any CPU.Build.0 = Debug|Any CPU
		{87FC1599-BD81-496B-A6DE-A06E030BEDBF}.Release|Any CPU.ActiveCfg = Release|Any CPU
		{87FC1599-BD81-496B-A6DE-A06E030BEDBF}.Release|Any CPU.Build.0 = Release|Any CPU
		{C9839A7D-B45C-4B39-A6FA-6F4A707865EF}.Debug|Any CPU.ActiveCfg = Debug|Any CPU
		{C9839A7D-B45C-4B39-A6FA-6F4A707865EF}.Debug|Any CPU.Build.0 = Debug|Any CPU
		{C9839A7D-B45C-4B39-A6FA-6F4A707865EF}.Release|Any CPU.ActiveCfg = Release|Any CPU
		{C9839A7D-B45C-4B39-A6FA-6F4A707865EF}.Release|Any CPU.Build.0 = Release|Any CPU
		{86C50E7C-93CF-42C6-A4F6-093F198B4C6F}.Debug|Any CPU.ActiveCfg = Debug|Any CPU
		{86C50E7C-93CF-42C6-A4F6-093F198B4C6F}.Debug|Any CPU.Build.0 = Debug|Any CPU
		{86C50E7C-93CF-42C6-A4F6-093F198B4C6F}.Release|Any CPU.ActiveCfg = Release|Any CPU
		{86C50E7C-93CF-42C6-A4F6-093F198B4C6F}.Release|Any CPU.Build.0 = Release|Any CPU
		{340C89EF-782D-4A5F-A8CA-D8D89F3C6AB9}.Debug|Any CPU.ActiveCfg = Debug|Any CPU
		{340C89EF-782D-4A5F-A8CA-D8D89F3C6AB9}.Debug|Any CPU.Build.0 = Debug|Any CPU
		{340C89EF-782D-4A5F-A8CA-D8D89F3C6AB9}.Release|Any CPU.ActiveCfg = Release|Any CPU
		{340C89EF-782D-4A5F-A8CA-D8D89F3C6AB9}.Release|Any CPU.Build.0 = Release|Any CPU
		{79EAFAEE-B82D-45E4-8597-1680AC38CA2B}.Debug|Any CPU.ActiveCfg = Debug|Any CPU
		{79EAFAEE-B82D-45E4-8597-1680AC38CA2B}.Debug|Any CPU.Build.0 = Debug|Any CPU
		{79EAFAEE-B82D-45E4-8597-1680AC38CA2B}.Release|Any CPU.ActiveCfg = Release|Any CPU
		{79EAFAEE-B82D-45E4-8597-1680AC38CA2B}.Release|Any CPU.Build.0 = Release|Any CPU
	EndGlobalSection
	GlobalSection(SolutionProperties) = preSolution
		HideSolutionNode = FALSE
	EndGlobalSection
	GlobalSection(NestedProjects) = preSolution
		{F1B66215-B611-44D1-AD54-F4D7F791301B} = {E88EB0D8-2DB7-4FF1-8DB6-651B5306DF2D}
		{607CEBE3-FBFB-4A27-843A-AB8658F12B5F} = {E88EB0D8-2DB7-4FF1-8DB6-651B5306DF2D}
		{AE3FAF1C-E4FF-46A4-B4BC-5C8200049997} = {E88EB0D8-2DB7-4FF1-8DB6-651B5306DF2D}
		{2492FB36-D633-48DE-ABA4-F00865806E56} = {E88EB0D8-2DB7-4FF1-8DB6-651B5306DF2D}
		{660D4CAA-DE25-4F01-ADCA-DBA830070AC9} = {E88EB0D8-2DB7-4FF1-8DB6-651B5306DF2D}
		{6650B117-B980-4A75-A1F8-1D3960DC2B7D} = {95510AC1-BDE6-42D6-8B40-66B178A3949F}
		{C58CBD31-3C9B-4ABA-877F-9FE7A0E2CF04} = {95510AC1-BDE6-42D6-8B40-66B178A3949F}
		{787E8BB2-1ACE-42A7-8D25-34CC9C93C3F1} = {95510AC1-BDE6-42D6-8B40-66B178A3949F}
		{B58614EF-3C9F-4245-810D-A24ADF981DCE} = {95510AC1-BDE6-42D6-8B40-66B178A3949F}
		{628D787D-268E-48E3-8388-094EE9A2EB14} = {95510AC1-BDE6-42D6-8B40-66B178A3949F}
		{E2475C61-6D6D-43FF-9C8D-5EC08C526EAC} = {0A3FBF17-A7B7-46F6-A199-F1F2728E1FB2}
		{44F58111-3D97-4547-8B24-868002BD250B} = {0A3FBF17-A7B7-46F6-A199-F1F2728E1FB2}
		{435978C6-CE17-42CA-8ECF-473731957B5A} = {0A3FBF17-A7B7-46F6-A199-F1F2728E1FB2}
		{8B334546-A4DE-402D-84FF-30ED28B8CAAD} = {0A3FBF17-A7B7-46F6-A199-F1F2728E1FB2}
		{87FC1599-BD81-496B-A6DE-A06E030BEDBF} = {4A63312B-5C1F-418C-9071-3BFD74EBC829}
		{C9839A7D-B45C-4B39-A6FA-6F4A707865EF} = {4A63312B-5C1F-418C-9071-3BFD74EBC829}
		{86C50E7C-93CF-42C6-A4F6-093F198B4C6F} = {4A63312B-5C1F-418C-9071-3BFD74EBC829}
		{340C89EF-782D-4A5F-A8CA-D8D89F3C6AB9} = {4A63312B-5C1F-418C-9071-3BFD74EBC829}
		{79EAFAEE-B82D-45E4-8597-1680AC38CA2B} = {8E3B1D41-DF5C-46FA-BFDA-63079B0C2D31}
	EndGlobalSection
	GlobalSection(ExtensibilityGlobals) = postSolution
		SolutionGuid = {A91CFFD5-E16D-4DAF-A5E7-B18607F476EC}
	EndGlobalSection
EndGlobal
